{
  "version": 4,
  "terraform_version": "1.5.7",
  "serial": 11,
  "lineage": "5a949a4c-b4e4-0f3a-208c-3f39d4116155",
  "outputs": {},
  "resources": [
    {
      "mode": "data",
      "type": "harness_platform_organization",
      "name": "org",
      "provider": "provider[\"registry.terraform.io/harness/harness\"]",
      "instances": [
        {
          "schema_version": 0,
          "attributes": {
            "description": "An organization created for workshop ing175, pipeline url: https://app.harness.io/ng/#/account/6_vVHzo9Qeu9fXvj-AcbCQ/cd/orgs/default/projects/ngworkshop/pipelines/newera_Clone/executions/CqjJ7EnkQAqoiaMvFQ5xFQ/pipeline",
            "id": "ing175org",
            "identifier": "ing175org",
            "name": "ing175-org",
            "tags": [
              "owner:jc"
            ]
          },
          "sensitive_attributes": []
        }
      ]
    },
    {
      "mode": "data",
      "type": "harness_platform_project",
      "name": "prj",
      "provider": "provider[\"registry.terraform.io/harness/harness\"]",
      "instances": [
        {
          "schema_version": 0,
          "attributes": {
            "color": null,
            "description": null,
            "id": null,
            "identifier": null,
            "modules": null,
            "name": null,
            "org_id": null,
            "tags": null
          },
          "sensitive_attributes": []
        }
      ]
    },
    {
      "mode": "managed",
      "type": "harness_platform_service",
      "name": "simple_service",
      "provider": "provider[\"registry.terraform.io/harness/harness\"]",
      "instances": [
        {
          "schema_version": 0,
          "attributes": {
            "description": "Minimal service without connectors",
            "fetch_resolved_yaml": null,
            "force_delete": null,
            "git_details": null,
            "id": "simpleservice2",
            "identifier": "simpleservice2",
            "import_from_git": null,
            "is_force_import": null,
            "name": "SimpleService2",
            "org_id": "ing175org",
            "project_id": "ing175ip1",
            "tags": null,
            "yaml": "service:\n\n  name: SimpleService2\n  identifier: simpleservice2\n  serviceDefinition:\n    type: Kubernetes\n    spec: {}\n"
          },
          "sensitive_attributes": [],
          "private": "bnVsbA=="
        }
      ]
    }
  ],
  "check_results": null
}
